# THIS IS AN AUTOGENERATED FILE. DO NOT EDIT THIS FILE DIRECTLY.
# yarn lockfile v1


"@fontsource/dancing-script@^4.5.11":
  version "4.5.11"
  resolved "https://registry.npmjs.org/@fontsource/dancing-script/-/dancing-script-4.5.11.tgz"
  integrity sha512-pYQoXhP7QEApmE7ZhbDyM/9vpBaHs4R3l4WgicHFLT63A0muibZr4osjPpnYe9US8ClR8UAUv+lNC1q0E6QY/w==
